
Microsoft Visual Studio Solution File, Format Version 12.00
# Visual Studio Version 16
VisualStudioVersion = 16.0.31019.35
MinimumVisualStudioVersion = 10.0.40219.1
Project("{FAE04EC0-301F-11D3-BF4B-00C04F79EFBC}") = "Xuntos_testproject", "Xuntos_testproject\Xuntos_testproject.csproj", "{C6BC1FBB-68A6-41E5-B83A-0F3F661A1DCA}"
EndProject
Global
	GlobalSection(SolutionConfigurationPlatforms) = preSolution
		Debug|Any CPU = Debug|Any CPU
		Release|Any CPU = Release|Any CPU
	EndGlobalSection
	GlobalSection(ProjectConfigurationPlatforms) = postSolution
		{C6BC1FBB-68A6-41E5-B83A-0F3F661A1DCA}.Debug|Any CPU.ActiveCfg = Debug|Any CPU
		{C6BC1FBB-68A6-41E5-B83A-0F3F661A1DCA}.Debug|Any CPU.Build.0 = Debug|Any CPU
		{C6BC1FBB-68A6-41E5-B83A-0F3F661A1DCA}.Release|Any CPU.ActiveCfg = Release|Any CPU
		{C6BC1FBB-68A6-41E5-B83A-0F3F661A1DCA}.Release|Any CPU.Build.0 = Release|Any CPU
	EndGlobalSection
	GlobalSection(SolutionProperties) = preSolution
		HideSolutionNode = FALSE
	EndGlobalSection
	GlobalSection(ExtensibilityGlobals) = postSolution
		SolutionGuid = {A187424F-8F57-4538-BA2A-A63B5BAF6125}
	EndGlobalSection
EndGlobal
